
Microsoft Visual Studio Solution File, Format Version 12.00
# Visual Studio Version 17
VisualStudioVersion = 17.1.32328.378
MinimumVisualStudioVersion = 10.0.40219.1
Project("{9A19103F-16F7-4668-BE54-9A1E7A4F7556}") = "ApartmentManagementSystem.Dal", "ApartmentManagementSystem.Dal\ApartmentManagementSystem.Dal.csproj", "{2E2C2AF4-AA04-40D0-94D2-6EBA891D3631}"
EndProject
Project("{FAE04EC0-301F-11D3-BF4B-00C04F79EFBC}") = "ApartmentManagementSystem.Bll", "ApartmentManagementSystem.Bll\ApartmentManagementSystem.Bll.csproj", "{F1C7894D-2741-4E75-9929-1A3FFA6A698E}"
EndProject
Project("{FAE04EC0-301F-11D3-BF4B-00C04F79EFBC}") = "ApartmentManagementSystem.Entity", "ApartmentManagementSystem.Entity\ApartmentManagementSystem.Entity.csproj", "{882ABB41-5D96-4918-8AF2-C90FAA6D3C85}"
EndProject
Project("{FAE04EC0-301F-11D3-BF4B-00C04F79EFBC}") = "ApartmentManagementSystem.Interface", "ApartmentManagementSystem.Interface\ApartmentManagementSystem.Interface.csproj", "{8E3134D3-3981-4BC7-98CC-0E1428CCB569}"
EndProject
Project("{FAE04EC0-301F-11D3-BF4B-00C04F79EFBC}") = "ApartmentManagementSystem.WebApi", "ApartmentManagementSystem.WebApi\ApartmentManagementSystem.WebApi.csproj", "{62FAAD5C-3CAF-47A3-8308-E0019F24D3BA}"
EndProject
Global
	GlobalSection(SolutionConfigurationPlatforms) = preSolution
		Debug|Any CPU = Debug|Any CPU
		Release|Any CPU = Release|Any CPU
	EndGlobalSection
	GlobalSection(ProjectConfigurationPlatforms) = postSolution
		{2E2C2AF4-AA04-40D0-94D2-6EBA891D3631}.Debug|Any CPU.ActiveCfg = Debug|Any CPU
		{2E2C2AF4-AA04-40D0-94D2-6EBA891D3631}.Debug|Any CPU.Build.0 = Debug|Any CPU
		{2E2C2AF4-AA04-40D0-94D2-6EBA891D3631}.Release|Any CPU.ActiveCfg = Release|Any CPU
		{2E2C2AF4-AA04-40D0-94D2-6EBA891D3631}.Release|Any CPU.Build.0 = Release|Any CPU
		{F1C7894D-2741-4E75-9929-1A3FFA6A698E}.Debug|Any CPU.ActiveCfg = Debug|Any CPU
		{F1C7894D-2741-4E75-9929-1A3FFA6A698E}.Debug|Any CPU.Build.0 = Debug|Any CPU
		{F1C7894D-2741-4E75-9929-1A3FFA6A698E}.Release|Any CPU.ActiveCfg = Release|Any CPU
		{F1C7894D-2741-4E75-9929-1A3FFA6A698E}.Release|Any CPU.Build.0 = Release|Any CPU
		{882ABB41-5D96-4918-8AF2-C90FAA6D3C85}.Debug|Any CPU.ActiveCfg = Debug|Any CPU
		{882ABB41-5D96-4918-8AF2-C90FAA6D3C85}.Debug|Any CPU.Build.0 = Debug|Any CPU
		{882ABB41-5D96-4918-8AF2-C90FAA6D3C85}.Release|Any CPU.ActiveCfg = Release|Any CPU
		{882ABB41-5D96-4918-8AF2-C90FAA6D3C85}.Release|Any CPU.Build.0 = Release|Any CPU
		{8E3134D3-3981-4BC7-98CC-0E1428CCB569}.Debug|Any CPU.ActiveCfg = Debug|Any CPU
		{8E3134D3-3981-4BC7-98CC-0E1428CCB569}.Debug|Any CPU.Build.0 = Debug|Any CPU
		{8E3134D3-3981-4BC7-98CC-0E1428CCB569}.Release|Any CPU.ActiveCfg = Release|Any CPU
		{8E3134D3-3981-4BC7-98CC-0E1428CCB569}.Release|Any CPU.Build.0 = Release|Any CPU
		{62FAAD5C-3CAF-47A3-8308-E0019F24D3BA}.Debug|Any CPU.ActiveCfg = Debug|Any CPU
		{62FAAD5C-3CAF-47A3-8308-E0019F24D3BA}.Debug|Any CPU.Build.0 = Debug|Any CPU
		{62FAAD5C-3CAF-47A3-8308-E0019F24D3BA}.Release|Any CPU.ActiveCfg = Release|Any CPU
		{62FAAD5C-3CAF-47A3-8308-E0019F24D3BA}.Release|Any CPU.Build.0 = Release|Any CPU
	EndGlobalSection
	GlobalSection(SolutionProperties) = preSolution
		HideSolutionNode = FALSE
	EndGlobalSection
	GlobalSection(ExtensibilityGlobals) = postSolution
		SolutionGuid = {7D90BEF5-96FE-4F4E-97C9-866782DB1FBD}
	EndGlobalSection
EndGlobal
